
Microsoft Visual Studio Solution File, Format Version 12.00
# Visual Studio Version 17
VisualStudioVersion = 17.13.36105.23
MinimumVisualStudioVersion = 10.0.40219.1
Project("{FAE04EC0-301F-11D3-BF4B-00C04F79EFBC}") = "Basics", "Basics\Basics.csproj", "{E7B25D9A-23E4-43BB-99B6-07B5A612005D}"
EndProject
Project("{FAE04EC0-301F-11D3-BF4B-00C04F79EFBC}") = "Multithreading", "Multithreading\Multithreading.csproj", "{3646D89D-8169-4A2F-9089-729214D2EA70}"
EndProject
Project("{FAE04EC0-301F-11D3-BF4B-00C04F79EFBC}") = "DesignPatterns", "DesignPatterns\DesignPatterns.csproj", "{E109133F-EF56-40AE-9357-22D689381DE3}"
EndProject
Project("{FAE04EC0-301F-11D3-BF4B-00C04F79EFBC}") = "DesignPrinciples", "DesignPrinciples\DesignPrinciples.csproj", "{62BF47A1-71E1-4520-A085-84289C50FAB3}"
EndProject
Project("{FAE04EC0-301F-11D3-BF4B-00C04F79EFBC}") = "RealProblems", "RealProblems\RealProblems.csproj", "{CE11D572-73D2-4062-B461-F5A97C68F9BE}"
EndProject
Global
	GlobalSection(SolutionConfigurationPlatforms) = preSolution
		Debug|Any CPU = Debug|Any CPU
		Release|Any CPU = Release|Any CPU
	EndGlobalSection
	GlobalSection(ProjectConfigurationPlatforms) = postSolution
		{E7B25D9A-23E4-43BB-99B6-07B5A612005D}.Debug|Any CPU.ActiveCfg = Debug|Any CPU
		{E7B25D9A-23E4-43BB-99B6-07B5A612005D}.Debug|Any CPU.Build.0 = Debug|Any CPU
		{E7B25D9A-23E4-43BB-99B6-07B5A612005D}.Release|Any CPU.ActiveCfg = Release|Any CPU
		{E7B25D9A-23E4-43BB-99B6-07B5A612005D}.Release|Any CPU.Build.0 = Release|Any CPU
		{3646D89D-8169-4A2F-9089-729214D2EA70}.Debug|Any CPU.ActiveCfg = Debug|Any CPU
		{3646D89D-8169-4A2F-9089-729214D2EA70}.Debug|Any CPU.Build.0 = Debug|Any CPU
		{3646D89D-8169-4A2F-9089-729214D2EA70}.Release|Any CPU.ActiveCfg = Release|Any CPU
		{3646D89D-8169-4A2F-9089-729214D2EA70}.Release|Any CPU.Build.0 = Release|Any CPU
		{E109133F-EF56-40AE-9357-22D689381DE3}.Debug|Any CPU.ActiveCfg = Debug|Any CPU
		{E109133F-EF56-40AE-9357-22D689381DE3}.Debug|Any CPU.Build.0 = Debug|Any CPU
		{E109133F-EF56-40AE-9357-22D689381DE3}.Release|Any CPU.ActiveCfg = Release|Any CPU
		{E109133F-EF56-40AE-9357-22D689381DE3}.Release|Any CPU.Build.0 = Release|Any CPU
		{62BF47A1-71E1-4520-A085-84289C50FAB3}.Debug|Any CPU.ActiveCfg = Debug|Any CPU
		{62BF47A1-71E1-4520-A085-84289C50FAB3}.Debug|Any CPU.Build.0 = Debug|Any CPU
		{62BF47A1-71E1-4520-A085-84289C50FAB3}.Release|Any CPU.ActiveCfg = Release|Any CPU
		{62BF47A1-71E1-4520-A085-84289C50FAB3}.Release|Any CPU.Build.0 = Release|Any CPU
		{CE11D572-73D2-4062-B461-F5A97C68F9BE}.Debug|Any CPU.ActiveCfg = Debug|Any CPU
		{CE11D572-73D2-4062-B461-F5A97C68F9BE}.Debug|Any CPU.Build.0 = Debug|Any CPU
		{CE11D572-73D2-4062-B461-F5A97C68F9BE}.Release|Any CPU.ActiveCfg = Release|Any CPU
		{CE11D572-73D2-4062-B461-F5A97C68F9BE}.Release|Any CPU.Build.0 = Release|Any CPU
	EndGlobalSection
	GlobalSection(SolutionProperties) = preSolution
		HideSolutionNode = FALSE
	EndGlobalSection
	GlobalSection(ExtensibilityGlobals) = postSolution
		SolutionGuid = {E9EE92E9-632F-48D6-82A7-955B26ABFED3}
	EndGlobalSection
EndGlobal
